
Microsoft Visual Studio Solution File, Format Version 12.00
Project("{FAE04EC0-301F-11D3-BF4B-00C04F79EFBC}") = "problem", "problem.csproj", "{DE6C8398-F096-4A63-9DC8-01EFAAAAC9EC}"
EndProject
Global
	GlobalSection(SolutionConfigurationPlatforms) = preSolution
		Debug|Any CPU = Debug|Any CPU
		Release|Any CPU = Release|Any CPU
	EndGlobalSection
	GlobalSection(ProjectConfigurationPlatforms) = postSolution
		{DE6C8398-F096-4A63-9DC8-01EFAAAAC9EC}.Debug|Any CPU.ActiveCfg = Debug|Any CPU
		{DE6C8398-F096-4A63-9DC8-01EFAAAAC9EC}.Debug|Any CPU.Build.0 = Debug|Any CPU
		{DE6C8398-F096-4A63-9DC8-01EFAAAAC9EC}.Release|Any CPU.ActiveCfg = Release|Any CPU
		{DE6C8398-F096-4A63-9DC8-01EFAAAAC9EC}.Release|Any CPU.Build.0 = Release|Any CPU
	EndGlobalSection
EndGlobal
